
Microsoft Visual Studio Solution File, Format Version 12.00
# Visual Studio Version 16
VisualStudioVersion = 16.0.32228.343
MinimumVisualStudioVersion = 10.0.40219.1
Project("{FAE04EC0-301F-11D3-BF4B-00C04F79EFBC}") = "MyFirstMVCApp", "MyFirstMVCApp\MyFirstMVCApp.csproj", "{D756A7F8-DCD9-4091-BD62-0D1EEC3347D9}"
EndProject
Global
	GlobalSection(SolutionConfigurationPlatforms) = preSolution
		Debug|Any CPU = Debug|Any CPU
		Release|Any CPU = Release|Any CPU
	EndGlobalSection
	GlobalSection(ProjectConfigurationPlatforms) = postSolution
		{D756A7F8-DCD9-4091-BD62-0D1EEC3347D9}.Debug|Any CPU.ActiveCfg = Debug|Any CPU
		{D756A7F8-DCD9-4091-BD62-0D1EEC3347D9}.Debug|Any CPU.Build.0 = Debug|Any CPU
		{D756A7F8-DCD9-4091-BD62-0D1EEC3347D9}.Release|Any CPU.ActiveCfg = Release|Any CPU
		{D756A7F8-DCD9-4091-BD62-0D1EEC3347D9}.Release|Any CPU.Build.0 = Release|Any CPU
	EndGlobalSection
	GlobalSection(SolutionProperties) = preSolution
		HideSolutionNode = FALSE
	EndGlobalSection
	GlobalSection(ExtensibilityGlobals) = postSolution
		SolutionGuid = {AC494E0D-275E-4C7D-A96D-D4766316B1A6}
	EndGlobalSection
EndGlobal
